# This file is generated by running "yarn install" inside your project.
# Manual changes might be lost - proceed with caution!

__metadata:
  version: 8
  cacheKey: 10c0

"@types/gl-matrix@npm:^2.4.5":
  version: 2.4.5
  resolution: "@types/gl-matrix@npm:2.4.5"
  checksum: 10c0/f1c653ac84c079d7a4f05443de374cbd0c3339b3c3de8682677c2d37f6221dd08d03c487cb109f89c61a1800042bf915ca5f6be7157057a08be908e842637fdb
  languageName: node
  linkType: hard

"fluids@workspace:.":
  version: 0.0.0-use.local
  resolution: "fluids@workspace:."
  dependencies:
    "@types/gl-matrix": "npm:^2.4.5"
    typescript: "npm:^5.9.3"
  peerDependencies:
    gl-matrix: ^3.1.0
  languageName: unknown
  linkType: soft

"typescript@npm:^5.9.3":
  version: 5.9.3
  resolution: "typescript@npm:5.9.3"
  bin:
    tsc: bin/tsc
    tsserver: bin/tsserver
  checksum: 10c0/6bd7552ce39f97e711db5aa048f6f9995b53f1c52f7d8667c1abdc1700c68a76a308f579cd309ce6b53646deb4e9a1be7c813a93baaf0a28ccd536a30270e1c5
  languageName: node
  linkType: hard

"typescript@patch:typescript@npm%3A^5.9.3#optional!builtin<compat/typescript>":
  version: 5.9.3
  resolution: "typescript@patch:typescript@npm%3A5.9.3#optional!builtin<compat/typescript>::version=5.9.3&hash=5786d5"
  bin:
    tsc: bin/tsc
    tsserver: bin/tsserver
  checksum: 10c0/ad09fdf7a756814dce65bc60c1657b40d44451346858eea230e10f2e95a289d9183b6e32e5c11e95acc0ccc214b4f36289dcad4bf1886b0adb84d711d336a430
  languageName: node
  linkType: hard
